
Microsoft Visual Studio Solution File, Format Version 12.00
Project("{FAE04EC0-301F-11D3-BF4B-00C04F79EFBC}") = "OneWeekend", "OneWeekend\OneWeekend.csproj", "{1003FE8A-0C56-4616-995D-B3882EBDC118}"
EndProject
Global
	GlobalSection(SolutionConfigurationPlatforms) = preSolution
		Debug|Any CPU = Debug|Any CPU
		Release|Any CPU = Release|Any CPU
	EndGlobalSection
	GlobalSection(ProjectConfigurationPlatforms) = postSolution
		{1003FE8A-0C56-4616-995D-B3882EBDC118}.Debug|Any CPU.ActiveCfg = Debug|Any CPU
		{1003FE8A-0C56-4616-995D-B3882EBDC118}.Debug|Any CPU.Build.0 = Debug|Any CPU
		{1003FE8A-0C56-4616-995D-B3882EBDC118}.Release|Any CPU.ActiveCfg = Release|Any CPU
		{1003FE8A-0C56-4616-995D-B3882EBDC118}.Release|Any CPU.Build.0 = Release|Any CPU
	EndGlobalSection
EndGlobal
